// !$*UTF8*$!
{
	archiveVersion = 1;
	classes = {
	};
	objectVersion = 46;
	objects = {

/* Begin PBXBuildFile section */
		B27643AB1E8494DB00B67425 /* AppDelegate.swift in Sources */ = {isa = PBXBuildFile; fileRef = B27643AA1E8494DB00B67425 /* AppDelegate.swift */; };
		B27643AF1E8494DB00B67425 /* Assets.xcassets in Resources */ = {isa = PBXBuildFile; fileRef = B27643AE1E8494DB00B67425 /* Assets.xcassets */; };
		B27643B21E8494DB00B67425 /* Main.storyboard in Resources */ = {isa = PBXBuildFile; fileRef = B27643B01E8494DB00B67425 /* Main.storyboard */; };
		B27643BA1E8494F100B67425 /* ChordDetector.swift in Sources */ = {isa = PBXBuildFile; fileRef = B27643B91E8494F100B67425 /* ChordDetector.swift */; };
		F36CEB095625B31CCCC3DF3D /* Pods_ChordDetector.framework in Frameworks */ = {isa = PBXBuildFile; fileRef = B5788AC5160F3BE612FD0EFB /* Pods_ChordDetector.framework */; };
/* End PBXBuildFile section */

/* Begin PBXFileReference section */
		AAD4827915C46A82C140568B /* Pods-ChordDetector.debug.xcconfig */ = {isa = PBXFileReference; includeInIndex = 1; lastKnownFileType = text.xcconfig; name = "Pods-ChordDetector.debug.xcconfig"; path = "Pods/Target Support Files/Pods-ChordDetector/Pods-ChordDetector.debug.xcconfig"; sourceTree = "<group>"; };
		B27643A71E8494DB00B67425 /* Chord Detector.app */ = {isa = PBXFileReference; explicitFileType = wrapper.application; includeInIndex = 0; path = "Chord Detector.app"; sourceTree = BUILT_PRODUCTS_DIR; };
		B27643AA1E8494DB00B67425 /* AppDelegate.swift */ = {isa = PBXFileReference; lastKnownFileType = sourcecode.swift; path = AppDelegate.swift; sourceTree = "<group>"; };
		B27643AE1E8494DB00B67425 /* Assets.xcassets */ = {isa = PBXFileReference; lastKnownFileType = folder.assetcatalog; path = Assets.xcassets; sourceTree = "<group>"; };
		B27643B11E8494DB00B67425 /* Base */ = {isa = PBXFileReference; lastKnownFileType = file.storyboard; name = Base; path = Base.lproj/Main.storyboard; sourceTree = "<group>"; };
		B27643B31E8494DB00B67425 /* Info.plist */ = {isa = PBXFileReference; lastKnownFileType = text.plist.xml; path = Info.plist; sourceTree = "<group>"; };
		B27643B91E8494F100B67425 /* ChordDetector.swift */ = {isa = PBXFileReference; fileEncoding = 4; lastKnownFileType = sourcecode.swift; path = ChordDetector.swift; sourceTree = "<group>"; };
		B2C3DA601E85F6F800BD3074 /* Chord Detector.entitlements */ = {isa = PBXFileReference; lastKnownFileType = text.plist.entitlements; path = "Chord Detector.entitlements"; sourceTree = "<group>"; };
		B5788AC5160F3BE612FD0EFB /* Pods_ChordDetector.framework */ = {isa = PBXFileReference; explicitFileType = wrapper.framework; includeInIndex = 0; path = Pods_ChordDetector.framework; sourceTree = BUILT_PRODUCTS_DIR; };
		DAF55655FE24983F250DBA15 /* Pods-ChordDetector.release.xcconfig */ = {isa = PBXFileReference; includeInIndex = 1; lastKnownFileType = text.xcconfig; name = "Pods-ChordDetector.release.xcconfig"; path = "Pods/Target Support Files/Pods-ChordDetector/Pods-ChordDetector.release.xcconfig"; sourceTree = "<group>"; };
/* End PBXFileReference section */

/* Begin PBXFrameworksBuildPhase section */
		B27643A41E8494DB00B67425 /* Frameworks */ = {
			isa = PBXFrameworksBuildPhase;
			buildActionMask = 2147483647;
			files = (
				F36CEB095625B31CCCC3DF3D /* Pods_ChordDetector.framework in Frameworks */,
			);
			runOnlyForDeploymentPostprocessing = 0;
		};
/* End PBXFrameworksBuildPhase section */

/* Begin PBXGroup section */
		0E6F0497F49B2399A2B68496 /* Pods */ = {
			isa = PBXGroup;
			children = (
				AAD4827915C46A82C140568B /* Pods-ChordDetector.debug.xcconfig */,
				DAF55655FE24983F250DBA15 /* Pods-ChordDetector.release.xcconfig */,
			);
			name = Pods;
			sourceTree = "<group>";
		};
		B276439E1E8494DB00B67425 = {
			isa = PBXGroup;
			children = (
				B27643A91E8494DB00B67425 /* ChordDetector */,
				B27643A81E8494DB00B67425 /* Products */,
				0E6F0497F49B2399A2B68496 /* Pods */,
				D9CDBE4CA4F7558F8A5B3A9D /* Frameworks */,
			);
			sourceTree = "<group>";
		};
		B27643A81E8494DB00B67425 /* Products */ = {
			isa = PBXGroup;
			children = (
				B27643A71E8494DB00B67425 /* Chord Detector.app */,
			);
			name = Products;
			sourceTree = "<group>";
		};
		B27643A91E8494DB00B67425 /* ChordDetector */ = {
			isa = PBXGroup;
			children = (
				B2C3DA601E85F6F800BD3074 /* Chord Detector.entitlements */,
				B27643AA1E8494DB00B67425 /* AppDelegate.swift */,
				B27643B91E8494F100B67425 /* ChordDetector.swift */,
				B27643AE1E8494DB00B67425 /* Assets.xcassets */,
				B27643B01E8494DB00B67425 /* Main.storyboard */,
				B27643B31E8494DB00B67425 /* Info.plist */,
			);
			path = ChordDetector;
			sourceTree = "<group>";
		};
		D9CDBE4CA4F7558F8A5B3A9D /* Frameworks */ = {
			isa = PBXGroup;
			children = (
				B5788AC5160F3BE612FD0EFB /* Pods_ChordDetector.framework */,
			);
			name = Frameworks;
			sourceTree = "<group>";
		};
/* End PBXGroup section */

/* Begin PBXNativeTarget section */
		B27643A61E8494DB00B67425 /* ChordDetector */ = {
			isa = PBXNativeTarget;
			buildConfigurationList = B27643B61E8494DB00B67425 /* Build configuration list for PBXNativeTarget "ChordDetector" */;
			buildPhases = (
				BB8921A779C399F68EF80201 /* [CP] Check Pods Manifest.lock */,
				B27643A31E8494DB00B67425 /* Sources */,
				B27643A41E8494DB00B67425 /* Frameworks */,
				B27643A51E8494DB00B67425 /* Resources */,
				2CC3CCCC95854AE99F8E8B3C /* [CP] Embed Pods Frameworks */,
				B003C2B5475D05DEE18BA2FE /* [CP] Copy Pods Resources */,
				B2C3DA611E85F99900BD3074 /* Crashlytics */,
			);
			buildRules = (
			);
			dependencies = (
			);
			name = ChordDetector;
			productName = ChordDetector;
			productReference = B27643A71E8494DB00B67425 /* Chord Detector.app */;
			productType = "com.apple.product-type.application";
		};
/* End PBXNativeTarget section */

/* Begin PBXProject section */
		B276439F1E8494DB00B67425 /* Project object */ = {
			isa = PBXProject;
			attributes = {
				LastSwiftUpdateCheck = 0820;
				LastUpgradeCheck = 0820;
				ORGANIZATIONNAME = cemolcay;
				TargetAttributes = {
					B27643A61E8494DB00B67425 = {
						CreatedOnToolsVersion = 8.2.1;
						DevelopmentTeam = 77Y3N48SNF;
						ProvisioningStyle = Automatic;
						SystemCapabilities = {
							com.apple.Sandbox = {
								enabled = 1;
							};
						};
					};
				};
			};
			buildConfigurationList = B27643A21E8494DB00B67425 /* Build configuration list for PBXProject "ChordDetector" */;
			compatibilityVersion = "Xcode 3.2";
			developmentRegion = English;
			hasScannedForEncodings = 0;
			knownRegions = (
				en,
				Base,
			);
			mainGroup = B276439E1E8494DB00B67425;
			productRefGroup = B27643A81E8494DB00B67425 /* Products */;
			projectDirPath = "";
			projectRoot = "";
			targets = (
				B27643A61E8494DB00B67425 /* ChordDetector */,
			);
		};
/* End PBXProject section */

/* Begin PBXResourcesBuildPhase section */
		B27643A51E8494DB00B67425 /* Resources */ = {
			isa = PBXResourcesBuildPhase;
			buildActionMask = 2147483647;
			files = (
				B27643AF1E8494DB00B67425 /* Assets.xcassets in Resources */,
				B27643B21E8494DB00B67425 /* Main.storyboard in Resources */,
			);
			runOnlyForDeploymentPostprocessing = 0;
		};
/* End PBXResourcesBuildPhase section */

/* Begin PBXShellScriptBuildPhase section */
		2CC3CCCC95854AE99F8E8B3C /* [CP] Embed Pods Frameworks */ = {
			isa = PBXShellScriptBuildPhase;
			buildActionMask = 2147483647;
			files = (
			);
			inputPaths = (
			);
			name = "[CP] Embed Pods Frameworks";
			outputPaths = (
			);
			runOnlyForDeploymentPostprocessing = 0;
			shellPath = /bin/sh;
			shellScript = "\"${SRCROOT}/Pods/Target Support Files/Pods-ChordDetector/Pods-ChordDetector-frameworks.sh\"\n";
			showEnvVarsInLog = 0;
		};
		B003C2B5475D05DEE18BA2FE /* [CP] Copy Pods Resources */ = {
			isa = PBXShellScriptBuildPhase;
			buildActionMask = 2147483647;
			files = (
			);
			inputPaths = (
			);
			name = "[CP] Copy Pods Resources";
			outputPaths = (
			);
			runOnlyForDeploymentPostprocessing = 0;
			shellPath = /bin/sh;
			shellScript = "\"${SRCROOT}/Pods/Target Support Files/Pods-ChordDetector/Pods-ChordDetector-resources.sh\"\n";
			showEnvVarsInLog = 0;
		};
		B2C3DA611E85F99900BD3074 /* Crashlytics */ = {
			isa = PBXShellScriptBuildPhase;
			buildActionMask = 2147483647;
			files = (
			);
			inputPaths = (
			);
			name = Crashlytics;
			outputPaths = (
			);
			runOnlyForDeploymentPostprocessing = 0;
			shellPath = /bin/sh;
			shellScript = "\"${PODS_ROOT}/Fabric/run\" e221289244d971094d2d79277c2b57efd5d70441 433e77ef99651fed911c1c25b27f85621fc2581c07cfb4f9761c49b14b352486";
		};
		BB8921A779C399F68EF80201 /* [CP] Check Pods Manifest.lock */ = {
			isa = PBXShellScriptBuildPhase;
			buildActionMask = 2147483647;
			files = (
			);
			inputPaths = (
			);
			name = "[CP] Check Pods Manifest.lock";
			outputPaths = (
			);
			runOnlyForDeploymentPostprocessing = 0;
			shellPath = /bin/sh;
			shellScript = "diff \"${PODS_ROOT}/../Podfile.lock\" \"${PODS_ROOT}/Manifest.lock\" > /dev/null\nif [ $? != 0 ] ; then\n    # print error to STDERR\n    echo \"error: The sandbox is not in sync with the Podfile.lock. Run 'pod install' or update your CocoaPods installation.\" >&2\n    exit 1\nfi\n";
			showEnvVarsInLog = 0;
		};
/* End PBXShellScriptBuildPhase section */

/* Begin PBXSourcesBuildPhase section */
		B27643A31E8494DB00B67425 /* Sources */ = {
			isa = PBXSourcesBuildPhase;
			buildActionMask = 2147483647;
			files = (
				B27643AB1E8494DB00B67425 /* AppDelegate.swift in Sources */,
				B27643BA1E8494F100B67425 /* ChordDetector.swift in Sources */,
			);
			runOnlyForDeploymentPostprocessing = 0;
		};
/* End PBXSourcesBuildPhase section */

/* Begin PBXVariantGroup section */
		B27643B01E8494DB00B67425 /* Main.storyboard */ = {
			isa = PBXVariantGroup;
			children = (
				B27643B11E8494DB00B67425 /* Base */,
			);
			name = Main.storyboard;
			sourceTree = "<group>";
		};
/* End PBXVariantGroup section */

/* Begin XCBuildConfiguration section */
		B27643B41E8494DB00B67425 /* Debug */ = {
			isa = XCBuildConfiguration;
			buildSettings = {
				ALWAYS_SEARCH_USER_PATHS = NO;
				CLANG_ANALYZER_NONNULL = YES;
				CLANG_CXX_LANGUAGE_STANDARD = "gnu++0x";
				CLANG_CXX_LIBRARY = "libc++";
				CLANG_ENABLE_MODULES = YES;
				CLANG_ENABLE_OBJC_ARC = YES;
				CLANG_WARN_BOOL_CONVERSION = YES;
				CLANG_WARN_CONSTANT_CONVERSION = YES;
				CLANG_WARN_DIRECT_OBJC_ISA_USAGE = YES_ERROR;
				CLANG_WARN_DOCUMENTATION_COMMENTS = YES;
				CLANG_WARN_EMPTY_BODY = YES;
				CLANG_WARN_ENUM_CONVERSION = YES;
				CLANG_WARN_INFINITE_RECURSION = YES;
				CLANG_WARN_INT_CONVERSION = YES;
				CLANG_WARN_OBJC_ROOT_CLASS = YES_ERROR;
				CLANG_WARN_SUSPICIOUS_MOVE = YES;
				CLANG_WARN_UNREACHABLE_CODE = YES;
				CLANG_WARN__DUPLICATE_METHOD_MATCH = YES;
				CODE_SIGN_IDENTITY = "-";
				COPY_PHASE_STRIP = NO;
				DEBUG_INFORMATION_FORMAT = dwarf;
				ENABLE_STRICT_OBJC_MSGSEND = YES;
				ENABLE_TESTABILITY = YES;
				GCC_C_LANGUAGE_STANDARD = gnu99;
				GCC_DYNAMIC_NO_PIC = NO;
				GCC_NO_COMMON_BLOCKS = YES;
				GCC_OPTIMIZATION_LEVEL = 0;
				GCC_PREPROCESSOR_DEFINITIONS = (
					"DEBUG=1",
					"$(inherited)",
				);
				GCC_WARN_64_TO_32_BIT_CONVERSION = YES;
				GCC_WARN_ABOUT_RETURN_TYPE = YES_ERROR;
				GCC_WARN_UNDECLARED_SELECTOR = YES;
				GCC_WARN_UNINITIALIZED_AUTOS = YES_AGGRESSIVE;
				GCC_WARN_UNUSED_FUNCTION = YES;
				GCC_WARN_UNUSED_VARIABLE = YES;
				MACOSX_DEPLOYMENT_TARGET = 10.12;
				MTL_ENABLE_DEBUG_INFO = YES;
				ONLY_ACTIVE_ARCH = YES;
				SDKROOT = macosx;
				SWIFT_ACTIVE_COMPILATION_CONDITIONS = DEBUG;
				SWIFT_OPTIMIZATION_LEVEL = "-Onone";
			};
			name = Debug;
		};
		B27643B51E8494DB00B67425 /* Release */ = {
			isa = XCBuildConfiguration;
			buildSettings = {
				ALWAYS_SEARCH_USER_PATHS = NO;
				CLANG_ANALYZER_NONNULL = YES;
				CLANG_CXX_LANGUAGE_STANDARD = "gnu++0x";
				CLANG_CXX_LIBRARY = "libc++";
				CLANG_ENABLE_MODULES = YES;
				CLANG_ENABLE_OBJC_ARC = YES;
				CLANG_WARN_BOOL_CONVERSION = YES;
				CLANG_WARN_CONSTANT_CONVERSION = YES;
				CLANG_WARN_DIRECT_OBJC_ISA_USAGE = YES_ERROR;
				CLANG_WARN_DOCUMENTATION_COMMENTS = YES;
				CLANG_WARN_EMPTY_BODY = YES;
				CLANG_WARN_ENUM_CONVERSION = YES;
				CLANG_WARN_INFINITE_RECURSION = YES;
				CLANG_WARN_INT_CONVERSION = YES;
				CLANG_WARN_OBJC_ROOT_CLASS = YES_ERROR;
				CLANG_WARN_SUSPICIOUS_MOVE = YES;
				CLANG_WARN_UNREACHABLE_CODE = YES;
				CLANG_WARN__DUPLICATE_METHOD_MATCH = YES;
				CODE_SIGN_IDENTITY = "-";
				COPY_PHASE_STRIP = NO;
				DEBUG_INFORMATION_FORMAT = "dwarf-with-dsym";
				ENABLE_NS_ASSERTIONS = NO;
				ENABLE_STRICT_OBJC_MSGSEND = YES;
				GCC_C_LANGUAGE_STANDARD = gnu99;
				GCC_NO_COMMON_BLOCKS = YES;
				GCC_WARN_64_TO_32_BIT_CONVERSION = YES;
				GCC_WARN_ABOUT_RETURN_TYPE = YES_ERROR;
				GCC_WARN_UNDECLARED_SELECTOR = YES;
				GCC_WARN_UNINITIALIZED_AUTOS = YES_AGGRESSIVE;
				GCC_WARN_UNUSED_FUNCTION = YES;
				GCC_WARN_UNUSED_VARIABLE = YES;
				MACOSX_DEPLOYMENT_TARGET = 10.12;
				MTL_ENABLE_DEBUG_INFO = NO;
				SDKROOT = macosx;
				SWIFT_OPTIMIZATION_LEVEL = "-Owholemodule";
			};
			name = Release;
		};
		B27643B71E8494DB00B67425 /* Debug */ = {
			isa = XCBuildConfiguration;
			baseConfigurationReference = AAD4827915C46A82C140568B /* Pods-ChordDetector.debug.xcconfig */;
			buildSettings = {
				ASSETCATALOG_COMPILER_APPICON_NAME = AppIcon;
				CODE_SIGN_ENTITLEMENTS = "ChordDetector/Chord Detector.entitlements";
				CODE_SIGN_IDENTITY = "Mac Developer";
				COMBINE_HIDPI_IMAGES = YES;
				DEVELOPMENT_TEAM = 77Y3N48SNF;
				INFOPLIST_FILE = ChordDetector/Info.plist;
				LD_RUNPATH_SEARCH_PATHS = "$(inherited) @executable_path/../Frameworks";
				MACOSX_DEPLOYMENT_TARGET = 10.10;
				PRODUCT_BUNDLE_IDENTIFIER = com.cemolcay.chordDetector;
				PRODUCT_NAME = "Chord Detector";
				SWIFT_VERSION = 3.0;
			};
			name = Debug;
		};
		B27643B81E8494DB00B67425 /* Release */ = {
			isa = XCBuildConfiguration;
			baseConfigurationReference = DAF55655FE24983F250DBA15 /* Pods-ChordDetector.release.xcconfig */;
			buildSettings = {
				ASSETCATALOG_COMPILER_APPICON_NAME = AppIcon;
				CODE_SIGN_ENTITLEMENTS = "ChordDetector/Chord Detector.entitlements";
				CODE_SIGN_IDENTITY = "Mac Developer";
				COMBINE_HIDPI_IMAGES = YES;
				DEVELOPMENT_TEAM = 77Y3N48SNF;
				INFOPLIST_FILE = ChordDetector/Info.plist;
				LD_RUNPATH_SEARCH_PATHS = "$(inherited) @executable_path/../Frameworks";
				MACOSX_DEPLOYMENT_TARGET = 10.10;
				PRODUCT_BUNDLE_IDENTIFIER = com.cemolcay.chordDetector;
				PRODUCT_NAME = "Chord Detector";
				SWIFT_VERSION = 3.0;
			};
			name = Release;
		};
/* End XCBuildConfiguration section */

/* Begin XCConfigurationList section */
		B27643A21E8494DB00B67425 /* Build configuration list for PBXProject "ChordDetector" */ = {
			isa = XCConfigurationList;
			buildConfigurations = (
				B27643B41E8494DB00B67425 /* Debug */,
				B27643B51E8494DB00B67425 /* Release */,
			);
			defaultConfigurationIsVisible = 0;
			defaultConfigurationName = Release;
		};
		B27643B61E8494DB00B67425 /* Build configuration list for PBXNativeTarget "ChordDetector" */ = {
			isa = XCConfigurationList;
			buildConfigurations = (
				B27643B71E8494DB00B67425 /* Debug */,
				B27643B81E8494DB00B67425 /* Release */,
			);
			defaultConfigurationIsVisible = 0;
			defaultConfigurationName = Release;
		};
/* End XCConfigurationList section */
	};
	rootObject = B276439F1E8494DB00B67425 /* Project object */;
}
