PODS:
  - Alamofire (4.6.0)
  - Crashlytics (3.10.0):
    - Fabric (~> 1.7.3)
  - Fabric (1.7.3)
  - Kanna (4.0.0)

DEPENDENCIES:
  - Alamofire
  - Crashlytics
  - Fabric
  - Kanna (from `https://github.com/tid-kijyun/Kanna.git`, branch `feature/v4.0.0`)

EXTERNAL SOURCES:
  Kanna:
    :branch: feature/v4.0.0
    :git: https://github.com/tid-kijyun/Kanna.git

CHECKOUT OPTIONS:
  Kanna:
    :commit: d14801345da8998d4da4a071006fb7746de3d1eb
    :git: https://github.com/tid-kijyun/Kanna.git

SPEC CHECKSUMS:
  Alamofire: f41a599bd63041760b26d393ec1069d9d7b917f4
  Crashlytics: a989ef242b66605577a425733797f810bd2725eb
  Fabric: bb495bb9a7a7677c6d03a1f8b83d95bc49b47e41
  Kanna: d5ae2a26472f7e7a474e7f36a9cd8aa2c8c63ad3

PODFILE CHECKSUM: 52c463df8cc5060b662c2ce03b2245a18808c209

COCOAPODS: 1.4.0
